// !$*UTF8*$!
{
	archiveVersion = 1;
	classes = {
	};
	objectVersion = 77;
	objects = {

/* Begin PBXContainerItemProxy section */
		26BA62AC2E216CAB005172D0 /* PBXContainerItemProxy */ = {
			isa = PBXContainerItemProxy;
			containerPortal = 26BA62952E216CAA005172D0 /* Project object */;
			proxyType = 1;
			remoteGlobalIDString = 26BA629C2E216CAA005172D0;
			remoteInfo = CCTray;
		};
		26BA62B62E216CAB005172D0 /* PBXContainerItemProxy */ = {
			isa = PBXContainerItemProxy;
			containerPortal = 26BA62952E216CAA005172D0 /* Project object */;
			proxyType = 1;
			remoteGlobalIDString = 26BA629C2E216CAA005172D0;
			remoteInfo = CCTray;
		};
/* End PBXContainerItemProxy section */

/* Begin PBXFileReference section */
		26BA629D2E216CAA005172D0 /* CCTray.app */ = {isa = PBXFileReference; explicitFileType = wrapper.application; includeInIndex = 0; path = CCTray.app; sourceTree = BUILT_PRODUCTS_DIR; };
		26BA62AB2E216CAB005172D0 /* CCTrayTests.xctest */ = {isa = PBXFileReference; explicitFileType = wrapper.cfbundle; includeInIndex = 0; path = CCTrayTests.xctest; sourceTree = BUILT_PRODUCTS_DIR; };
		26BA62B52E216CAB005172D0 /* CCTrayUITests.xctest */ = {isa = PBXFileReference; explicitFileType = wrapper.cfbundle; includeInIndex = 0; path = CCTrayUITests.xctest; sourceTree = BUILT_PRODUCTS_DIR; };
/* End PBXFileReference section */

/* Begin PBXFileSystemSynchronizedRootGroup section */
		26BA629F2E216CAA005172D0 /* CCTray */ = {
			isa = PBXFileSystemSynchronizedRootGroup;
			path = CCTray;
			sourceTree = "<group>";
		};
		26BA62AE2E216CAB005172D0 /* CCTrayTests */ = {
			isa = PBXFileSystemSynchronizedRootGroup;
			path = CCTrayTests;
			sourceTree = "<group>";
		};
		26BA62B82E216CAB005172D0 /* CCTrayUITests */ = {
			isa = PBXFileSystemSynchronizedRootGroup;
			path = CCTrayUITests;
			sourceTree = "<group>";
		};
/* End PBXFileSystemSynchronizedRootGroup section */

/* Begin PBXFrameworksBuildPhase section */
		26BA629A2E216CAA005172D0 /* Frameworks */ = {
			isa = PBXFrameworksBuildPhase;
			buildActionMask = 2147483647;
			files = (
			);
			runOnlyForDeploymentPostprocessing = 0;
		};
		26BA62A82E216CAB005172D0 /* Frameworks */ = {
			isa = PBXFrameworksBuildPhase;
			buildActionMask = 2147483647;
			files = (
			);
			runOnlyForDeploymentPostprocessing = 0;
		};
		26BA62B22E216CAB005172D0 /* Frameworks */ = {
			isa = PBXFrameworksBuildPhase;
			buildActionMask = 2147483647;
			files = (
			);
			runOnlyForDeploymentPostprocessing = 0;
		};
/* End PBXFrameworksBuildPhase section */

/* Begin PBXGroup section */
		26BA62942E216CAA005172D0 = {
			isa = PBXGroup;
			children = (
				26BA629F2E216CAA005172D0 /* CCTray */,
				26BA62AE2E216CAB005172D0 /* CCTrayTests */,
				26BA62B82E216CAB005172D0 /* CCTrayUITests */,
				26BA629E2E216CAA005172D0 /* Products */,
			);
			sourceTree = "<group>";
		};
		26BA629E2E216CAA005172D0 /* Products */ = {
			isa = PBXGroup;
			children = (
				26BA629D2E216CAA005172D0 /* CCTray.app */,
				26BA62AB2E216CAB005172D0 /* CCTrayTests.xctest */,
				26BA62B52E216CAB005172D0 /* CCTrayUITests.xctest */,
			);
			name = Products;
			sourceTree = "<group>";
		};
/* End PBXGroup section */

/* Begin PBXNativeTarget section */
		26BA629C2E216CAA005172D0 /* CCTray */ = {
			isa = PBXNativeTarget;
			buildConfigurationList = 26BA62BF2E216CAB005172D0 /* Build configuration list for PBXNativeTarget "CCTray" */;
			buildPhases = (
				26BA62992E216CAA005172D0 /* Sources */,
				26BA629A2E216CAA005172D0 /* Frameworks */,
				26BA629B2E216CAA005172D0 /* Resources */,
			);
			buildRules = (
			);
			dependencies = (
			);
			fileSystemSynchronizedGroups = (
				26BA629F2E216CAA005172D0 /* CCTray */,
			);
			name = CCTray;
			packageProductDependencies = (
			);
			productName = CCTray;
			productReference = 26BA629D2E216CAA005172D0 /* CCTray.app */;
			productType = "com.apple.product-type.application";
		};
		26BA62AA2E216CAB005172D0 /* CCTrayTests */ = {
			isa = PBXNativeTarget;
			buildConfigurationList = 26BA62C22E216CAB005172D0 /* Build configuration list for PBXNativeTarget "CCTrayTests" */;
			buildPhases = (
				26BA62A72E216CAB005172D0 /* Sources */,
				26BA62A82E216CAB005172D0 /* Frameworks */,
				26BA62A92E216CAB005172D0 /* Resources */,
			);
			buildRules = (
			);
			dependencies = (
				26BA62AD2E216CAB005172D0 /* PBXTargetDependency */,
			);
			fileSystemSynchronizedGroups = (
				26BA62AE2E216CAB005172D0 /* CCTrayTests */,
			);
			name = CCTrayTests;
			packageProductDependencies = (
			);
			productName = CCTrayTests;
			productReference = 26BA62AB2E216CAB005172D0 /* CCTrayTests.xctest */;
			productType = "com.apple.product-type.bundle.unit-test";
		};
		26BA62B42E216CAB005172D0 /* CCTrayUITests */ = {
			isa = PBXNativeTarget;
			buildConfigurationList = 26BA62C52E216CAB005172D0 /* Build configuration list for PBXNativeTarget "CCTrayUITests" */;
			buildPhases = (
				26BA62B12E216CAB005172D0 /* Sources */,
				26BA62B22E216CAB005172D0 /* Frameworks */,
				26BA62B32E216CAB005172D0 /* Resources */,
			);
			buildRules = (
			);
			dependencies = (
				26BA62B72E216CAB005172D0 /* PBXTargetDependency */,
			);
			fileSystemSynchronizedGroups = (
				26BA62B82E216CAB005172D0 /* CCTrayUITests */,
			);
			name = CCTrayUITests;
			packageProductDependencies = (
			);
			productName = CCTrayUITests;
			productReference = 26BA62B52E216CAB005172D0 /* CCTrayUITests.xctest */;
			productType = "com.apple.product-type.bundle.ui-testing";
		};
/* End PBXNativeTarget section */

/* Begin PBXProject section */
		26BA62952E216CAA005172D0 /* Project object */ = {
			isa = PBXProject;
			attributes = {
				BuildIndependentTargetsInParallel = 1;
				LastSwiftUpdateCheck = 1640;
				LastUpgradeCheck = 1640;
				TargetAttributes = {
					26BA629C2E216CAA005172D0 = {
						CreatedOnToolsVersion = 16.4;
					};
					26BA62AA2E216CAB005172D0 = {
						CreatedOnToolsVersion = 16.4;
						TestTargetID = 26BA629C2E216CAA005172D0;
					};
					26BA62B42E216CAB005172D0 = {
						CreatedOnToolsVersion = 16.4;
						TestTargetID = 26BA629C2E216CAA005172D0;
					};
				};
			};
			buildConfigurationList = 26BA62982E216CAA005172D0 /* Build configuration list for PBXProject "CCTray" */;
			developmentRegion = en;
			hasScannedForEncodings = 0;
			knownRegions = (
				en,
				Base,
			);
			mainGroup = 26BA62942E216CAA005172D0;
			minimizedProjectReferenceProxies = 1;
			preferredProjectObjectVersion = 77;
			productRefGroup = 26BA629E2E216CAA005172D0 /* Products */;
			projectDirPath = "";
			projectRoot = "";
			targets = (
				26BA629C2E216CAA005172D0 /* CCTray */,
				26BA62AA2E216CAB005172D0 /* CCTrayTests */,
				26BA62B42E216CAB005172D0 /* CCTrayUITests */,
			);
		};
/* End PBXProject section */

/* Begin PBXResourcesBuildPhase section */
		26BA629B2E216CAA005172D0 /* Resources */ = {
			isa = PBXResourcesBuildPhase;
			buildActionMask = 2147483647;
			files = (
			);
			runOnlyForDeploymentPostprocessing = 0;
		};
		26BA62A92E216CAB005172D0 /* Resources */ = {
			isa = PBXResourcesBuildPhase;
			buildActionMask = 2147483647;
			files = (
			);
			runOnlyForDeploymentPostprocessing = 0;
		};
		26BA62B32E216CAB005172D0 /* Resources */ = {
			isa = PBXResourcesBuildPhase;
			buildActionMask = 2147483647;
			files = (
			);
			runOnlyForDeploymentPostprocessing = 0;
		};
/* End PBXResourcesBuildPhase section */

/* Begin PBXSourcesBuildPhase section */
		26BA62992E216CAA005172D0 /* Sources */ = {
			isa = PBXSourcesBuildPhase;
			buildActionMask = 2147483647;
			files = (
			);
			runOnlyForDeploymentPostprocessing = 0;
		};
		26BA62A72E216CAB005172D0 /* Sources */ = {
			isa = PBXSourcesBuildPhase;
			buildActionMask = 2147483647;
			files = (
			);
			runOnlyForDeploymentPostprocessing = 0;
		};
		26BA62B12E216CAB005172D0 /* Sources */ = {
			isa = PBXSourcesBuildPhase;
			buildActionMask = 2147483647;
			files = (
			);
			runOnlyForDeploymentPostprocessing = 0;
		};
/* End PBXSourcesBuildPhase section */

/* Begin PBXTargetDependency section */
		26BA62AD2E216CAB005172D0 /* PBXTargetDependency */ = {
			isa = PBXTargetDependency;
			target = 26BA629C2E216CAA005172D0 /* CCTray */;
			targetProxy = 26BA62AC2E216CAB005172D0 /* PBXContainerItemProxy */;
		};
		26BA62B72E216CAB005172D0 /* PBXTargetDependency */ = {
			isa = PBXTargetDependency;
			target = 26BA629C2E216CAA005172D0 /* CCTray */;
			targetProxy = 26BA62B62E216CAB005172D0 /* PBXContainerItemProxy */;
		};
/* End PBXTargetDependency section */

/* Begin XCBuildConfiguration section */
		26BA62BD2E216CAB005172D0 /* Debug */ = {
			isa = XCBuildConfiguration;
			buildSettings = {
				ALWAYS_SEARCH_USER_PATHS = NO;
				ASSETCATALOG_COMPILER_GENERATE_SWIFT_ASSET_SYMBOL_EXTENSIONS = YES;
				CLANG_ANALYZER_NONNULL = YES;
				CLANG_ANALYZER_NUMBER_OBJECT_CONVERSION = YES_AGGRESSIVE;
				CLANG_CXX_LANGUAGE_STANDARD = "gnu++20";
				CLANG_ENABLE_MODULES = YES;
				CLANG_ENABLE_OBJC_ARC = YES;
				CLANG_ENABLE_OBJC_WEAK = YES;
				CLANG_WARN_BLOCK_CAPTURE_AUTORELEASING = YES;
				CLANG_WARN_BOOL_CONVERSION = YES;
				CLANG_WARN_COMMA = YES;
				CLANG_WARN_CONSTANT_CONVERSION = YES;
				CLANG_WARN_DEPRECATED_OBJC_IMPLEMENTATIONS = YES;
				CLANG_WARN_DIRECT_OBJC_ISA_USAGE = YES_ERROR;
				CLANG_WARN_DOCUMENTATION_COMMENTS = YES;
				CLANG_WARN_EMPTY_BODY = YES;
				CLANG_WARN_ENUM_CONVERSION = YES;
				CLANG_WARN_INFINITE_RECURSION = YES;
				CLANG_WARN_INT_CONVERSION = YES;
				CLANG_WARN_NON_LITERAL_NULL_CONVERSION = YES;
				CLANG_WARN_OBJC_IMPLICIT_RETAIN_SELF = YES;
				CLANG_WARN_OBJC_LITERAL_CONVERSION = YES;
				CLANG_WARN_OBJC_ROOT_CLASS = YES_ERROR;
				CLANG_WARN_QUOTED_INCLUDE_IN_FRAMEWORK_HEADER = YES;
				CLANG_WARN_RANGE_LOOP_ANALYSIS = YES;
				CLANG_WARN_STRICT_PROTOTYPES = YES;
				CLANG_WARN_SUSPICIOUS_MOVE = YES;
				CLANG_WARN_UNGUARDED_AVAILABILITY = YES_AGGRESSIVE;
				CLANG_WARN_UNREACHABLE_CODE = YES;
				CLANG_WARN__DUPLICATE_METHOD_MATCH = YES;
				COPY_PHASE_STRIP = NO;
				DEBUG_INFORMATION_FORMAT = dwarf;
				ENABLE_STRICT_OBJC_MSGSEND = YES;
				ENABLE_TESTABILITY = YES;
				ENABLE_USER_SCRIPT_SANDBOXING = YES;
				GCC_C_LANGUAGE_STANDARD = gnu17;
				GCC_DYNAMIC_NO_PIC = NO;
				GCC_NO_COMMON_BLOCKS = YES;
				GCC_OPTIMIZATION_LEVEL = 0;
				GCC_PREPROCESSOR_DEFINITIONS = (
					"DEBUG=1",
					"$(inherited)",
				);
				GCC_WARN_64_TO_32_BIT_CONVERSION = YES;
				GCC_WARN_ABOUT_RETURN_TYPE = YES_ERROR;
				GCC_WARN_UNDECLARED_SELECTOR = YES;
				GCC_WARN_UNINITIALIZED_AUTOS = YES_AGGRESSIVE;
				GCC_WARN_UNUSED_FUNCTION = YES;
				GCC_WARN_UNUSED_VARIABLE = YES;
				LOCALIZATION_PREFERS_STRING_CATALOGS = YES;
				MACOSX_DEPLOYMENT_TARGET = 15.5;
				MTL_ENABLE_DEBUG_INFO = INCLUDE_SOURCE;
				MTL_FAST_MATH = YES;
				ONLY_ACTIVE_ARCH = YES;
				SDKROOT = macosx;
				SWIFT_ACTIVE_COMPILATION_CONDITIONS = "DEBUG $(inherited)";
				SWIFT_OPTIMIZATION_LEVEL = "-Onone";
			};
			name = Debug;
		};
		26BA62BE2E216CAB005172D0 /* Release */ = {
			isa = XCBuildConfiguration;
			buildSettings = {
				ALWAYS_SEARCH_USER_PATHS = NO;
				ASSETCATALOG_COMPILER_GENERATE_SWIFT_ASSET_SYMBOL_EXTENSIONS = YES;
				CLANG_ANALYZER_NONNULL = YES;
				CLANG_ANALYZER_NUMBER_OBJECT_CONVERSION = YES_AGGRESSIVE;
				CLANG_CXX_LANGUAGE_STANDARD = "gnu++20";
				CLANG_ENABLE_MODULES = YES;
				CLANG_ENABLE_OBJC_ARC = YES;
				CLANG_ENABLE_OBJC_WEAK = YES;
				CLANG_WARN_BLOCK_CAPTURE_AUTORELEASING = YES;
				CLANG_WARN_BOOL_CONVERSION = YES;
				CLANG_WARN_COMMA = YES;
				CLANG_WARN_CONSTANT_CONVERSION = YES;
				CLANG_WARN_DEPRECATED_OBJC_IMPLEMENTATIONS = YES;
				CLANG_WARN_DIRECT_OBJC_ISA_USAGE = YES_ERROR;
				CLANG_WARN_DOCUMENTATION_COMMENTS = YES;
				CLANG_WARN_EMPTY_BODY = YES;
				CLANG_WARN_ENUM_CONVERSION = YES;
				CLANG_WARN_INFINITE_RECURSION = YES;
				CLANG_WARN_INT_CONVERSION = YES;
				CLANG_WARN_NON_LITERAL_NULL_CONVERSION = YES;
				CLANG_WARN_OBJC_IMPLICIT_RETAIN_SELF = YES;
				CLANG_WARN_OBJC_LITERAL_CONVERSION = YES;
				CLANG_WARN_OBJC_ROOT_CLASS = YES_ERROR;
				CLANG_WARN_QUOTED_INCLUDE_IN_FRAMEWORK_HEADER = YES;
				CLANG_WARN_RANGE_LOOP_ANALYSIS = YES;
				CLANG_WARN_STRICT_PROTOTYPES = YES;
				CLANG_WARN_SUSPICIOUS_MOVE = YES;
				CLANG_WARN_UNGUARDED_AVAILABILITY = YES_AGGRESSIVE;
				CLANG_WARN_UNREACHABLE_CODE = YES;
				CLANG_WARN__DUPLICATE_METHOD_MATCH = YES;
				COPY_PHASE_STRIP = NO;
				DEBUG_INFORMATION_FORMAT = "dwarf-with-dsym";
				ENABLE_NS_ASSERTIONS = NO;
				ENABLE_STRICT_OBJC_MSGSEND = YES;
				ENABLE_USER_SCRIPT_SANDBOXING = YES;
				GCC_C_LANGUAGE_STANDARD = gnu17;
				GCC_NO_COMMON_BLOCKS = YES;
				GCC_WARN_64_TO_32_BIT_CONVERSION = YES;
				GCC_WARN_ABOUT_RETURN_TYPE = YES_ERROR;
				GCC_WARN_UNDECLARED_SELECTOR = YES;
				GCC_WARN_UNINITIALIZED_AUTOS = YES_AGGRESSIVE;
				GCC_WARN_UNUSED_FUNCTION = YES;
				GCC_WARN_UNUSED_VARIABLE = YES;
				LOCALIZATION_PREFERS_STRING_CATALOGS = YES;
				MACOSX_DEPLOYMENT_TARGET = 15.5;
				MTL_ENABLE_DEBUG_INFO = NO;
				MTL_FAST_MATH = YES;
				SDKROOT = macosx;
				SWIFT_COMPILATION_MODE = wholemodule;
			};
			name = Release;
		};
		26BA62C02E216CAB005172D0 /* Debug */ = {
			isa = XCBuildConfiguration;
			buildSettings = {
				ASSETCATALOG_COMPILER_APPICON_NAME = AppIcon;
				ASSETCATALOG_COMPILER_GLOBAL_ACCENT_COLOR_NAME = AccentColor;
				CODE_SIGN_ENTITLEMENTS = CCTray/CCTray.entitlements;
				CODE_SIGN_STYLE = Automatic;
				COMBINE_HIDPI_IMAGES = YES;
				CURRENT_PROJECT_VERSION = 1;
				ENABLE_PREVIEWS = YES;
				GENERATE_INFOPLIST_FILE = YES;
				INFOPLIST_KEY_NSHumanReadableCopyright = "";
				LD_RUNPATH_SEARCH_PATHS = (
					"$(inherited)",
					"@executable_path/../Frameworks",
				);
				MARKETING_VERSION = 1.0;
				PRODUCT_BUNDLE_IDENTIFIER = goniszewski.CCTray;
				PRODUCT_NAME = "$(TARGET_NAME)";
				REGISTER_APP_GROUPS = YES;
				SWIFT_EMIT_LOC_STRINGS = YES;
				SWIFT_VERSION = 5.0;
			};
			name = Debug;
		};
		26BA62C12E216CAB005172D0 /* Release */ = {
			isa = XCBuildConfiguration;
			buildSettings = {
				ASSETCATALOG_COMPILER_APPICON_NAME = AppIcon;
				ASSETCATALOG_COMPILER_GLOBAL_ACCENT_COLOR_NAME = AccentColor;
				CODE_SIGN_ENTITLEMENTS = CCTray/CCTray.entitlements;
				CODE_SIGN_STYLE = Automatic;
				COMBINE_HIDPI_IMAGES = YES;
				CURRENT_PROJECT_VERSION = 1;
				ENABLE_PREVIEWS = YES;
				GENERATE_INFOPLIST_FILE = YES;
				INFOPLIST_KEY_NSHumanReadableCopyright = "";
				LD_RUNPATH_SEARCH_PATHS = (
					"$(inherited)",
					"@executable_path/../Frameworks",
				);
				MARKETING_VERSION = 1.0;
				PRODUCT_BUNDLE_IDENTIFIER = goniszewski.CCTray;
				PRODUCT_NAME = "$(TARGET_NAME)";
				REGISTER_APP_GROUPS = YES;
				SWIFT_EMIT_LOC_STRINGS = YES;
				SWIFT_VERSION = 5.0;
			};
			name = Release;
		};
		26BA62C32E216CAB005172D0 /* Debug */ = {
			isa = XCBuildConfiguration;
			buildSettings = {
				BUNDLE_LOADER = "$(TEST_HOST)";
				CODE_SIGN_STYLE = Automatic;
				CURRENT_PROJECT_VERSION = 1;
				GENERATE_INFOPLIST_FILE = YES;
				MACOSX_DEPLOYMENT_TARGET = 15.5;
				MARKETING_VERSION = 1.0;
				PRODUCT_BUNDLE_IDENTIFIER = goniszewski.CCTrayTests;
				PRODUCT_NAME = "$(TARGET_NAME)";
				SWIFT_EMIT_LOC_STRINGS = NO;
				SWIFT_VERSION = 5.0;
				TEST_HOST = "$(BUILT_PRODUCTS_DIR)/CCTray.app/$(BUNDLE_EXECUTABLE_FOLDER_PATH)/CCTray";
			};
			name = Debug;
		};
		26BA62C42E216CAB005172D0 /* Release */ = {
			isa = XCBuildConfiguration;
			buildSettings = {
				BUNDLE_LOADER = "$(TEST_HOST)";
				CODE_SIGN_STYLE = Automatic;
				CURRENT_PROJECT_VERSION = 1;
				GENERATE_INFOPLIST_FILE = YES;
				MACOSX_DEPLOYMENT_TARGET = 15.5;
				MARKETING_VERSION = 1.0;
				PRODUCT_BUNDLE_IDENTIFIER = goniszewski.CCTrayTests;
				PRODUCT_NAME = "$(TARGET_NAME)";
				SWIFT_EMIT_LOC_STRINGS = NO;
				SWIFT_VERSION = 5.0;
				TEST_HOST = "$(BUILT_PRODUCTS_DIR)/CCTray.app/$(BUNDLE_EXECUTABLE_FOLDER_PATH)/CCTray";
			};
			name = Release;
		};
		26BA62C62E216CAB005172D0 /* Debug */ = {
			isa = XCBuildConfiguration;
			buildSettings = {
				CODE_SIGN_STYLE = Automatic;
				CURRENT_PROJECT_VERSION = 1;
				GENERATE_INFOPLIST_FILE = YES;
				MARKETING_VERSION = 1.0;
				PRODUCT_BUNDLE_IDENTIFIER = goniszewski.CCTrayUITests;
				PRODUCT_NAME = "$(TARGET_NAME)";
				SWIFT_EMIT_LOC_STRINGS = NO;
				SWIFT_VERSION = 5.0;
				TEST_TARGET_NAME = CCTray;
			};
			name = Debug;
		};
		26BA62C72E216CAB005172D0 /* Release */ = {
			isa = XCBuildConfiguration;
			buildSettings = {
				CODE_SIGN_STYLE = Automatic;
				CURRENT_PROJECT_VERSION = 1;
				GENERATE_INFOPLIST_FILE = YES;
				MARKETING_VERSION = 1.0;
				PRODUCT_BUNDLE_IDENTIFIER = goniszewski.CCTrayUITests;
				PRODUCT_NAME = "$(TARGET_NAME)";
				SWIFT_EMIT_LOC_STRINGS = NO;
				SWIFT_VERSION = 5.0;
				TEST_TARGET_NAME = CCTray;
			};
			name = Release;
		};
/* End XCBuildConfiguration section */

/* Begin XCConfigurationList section */
		26BA62982E216CAA005172D0 /* Build configuration list for PBXProject "CCTray" */ = {
			isa = XCConfigurationList;
			buildConfigurations = (
				26BA62BD2E216CAB005172D0 /* Debug */,
				26BA62BE2E216CAB005172D0 /* Release */,
			);
			defaultConfigurationIsVisible = 0;
			defaultConfigurationName = Release;
		};
		26BA62BF2E216CAB005172D0 /* Build configuration list for PBXNativeTarget "CCTray" */ = {
			isa = XCConfigurationList;
			buildConfigurations = (
				26BA62C02E216CAB005172D0 /* Debug */,
				26BA62C12E216CAB005172D0 /* Release */,
			);
			defaultConfigurationIsVisible = 0;
			defaultConfigurationName = Release;
		};
		26BA62C22E216CAB005172D0 /* Build configuration list for PBXNativeTarget "CCTrayTests" */ = {
			isa = XCConfigurationList;
			buildConfigurations = (
				26BA62C32E216CAB005172D0 /* Debug */,
				26BA62C42E216CAB005172D0 /* Release */,
			);
			defaultConfigurationIsVisible = 0;
			defaultConfigurationName = Release;
		};
		26BA62C52E216CAB005172D0 /* Build configuration list for PBXNativeTarget "CCTrayUITests" */ = {
			isa = XCConfigurationList;
			buildConfigurations = (
				26BA62C62E216CAB005172D0 /* Debug */,
				26BA62C72E216CAB005172D0 /* Release */,
			);
			defaultConfigurationIsVisible = 0;
			defaultConfigurationName = Release;
		};
/* End XCConfigurationList section */
	};
	rootObject = 26BA62952E216CAA005172D0 /* Project object */;
}
